{
  "object": {
    "pins": [
      {
        "package": "Alamofire",
        "repositoryURL": "https://github.com/Alamofire/Alamofire/",
        "state": {
          "branch": "master",
          "revision": "9e0328127dfb801cefe8ac53a13c0c90a7770448",
          "version": null
        }
      }
    ]
  },
  "version": 1
}
